
Microsoft Visual Studio Solution File, Format Version 12.00
# Visual Studio Version 17
VisualStudioVersion = 17.8.34408.163
MinimumVisualStudioVersion = 10.0.40219.1
Project("{2150E333-8FDC-42A3-9474-1A3956D46DE8}") = "Solution Items", "Solution Items", "{6E371772-F111-4E64-A46E-E5BE60133282}"
	ProjectSection(SolutionItems) = preProject
		LICENSE.txt = LICENSE.txt
		README.md = README.md
	EndProjectSection
EndProject
Project("{2150E333-8FDC-42A3-9474-1A3956D46DE8}") = "Sources", "Sources", "{E02CDB46-98BF-4FF9-8F0E-CC48308EAC64}"
EndProject
Project("{FAE04EC0-301F-11D3-BF4B-00C04F79EFBC}") = "Domain", "Domain\Domain.csproj", "{7439A1D2-CF85-4190-9BE5-006418913413}"
EndProject
Global
	GlobalSection(SolutionConfigurationPlatforms) = preSolution
		Debug|Any CPU = Debug|Any CPU
		Release|Any CPU = Release|Any CPU
	EndGlobalSection
	GlobalSection(ProjectConfigurationPlatforms) = postSolution
		{7439A1D2-CF85-4190-9BE5-006418913413}.Debug|Any CPU.ActiveCfg = Debug|Any CPU
		{7439A1D2-CF85-4190-9BE5-006418913413}.Debug|Any CPU.Build.0 = Debug|Any CPU
		{7439A1D2-CF85-4190-9BE5-006418913413}.Release|Any CPU.ActiveCfg = Release|Any CPU
		{7439A1D2-CF85-4190-9BE5-006418913413}.Release|Any CPU.Build.0 = Release|Any CPU
	EndGlobalSection
	GlobalSection(SolutionProperties) = preSolution
		HideSolutionNode = FALSE
	EndGlobalSection
	GlobalSection(NestedProjects) = preSolution
		{7439A1D2-CF85-4190-9BE5-006418913413} = {E02CDB46-98BF-4FF9-8F0E-CC48308EAC64}
	EndGlobalSection
	GlobalSection(ExtensibilityGlobals) = postSolution
		SolutionGuid = {A9CF52C8-7B29-4192-A473-EFB45BE05274}
	EndGlobalSection
EndGlobal
