
Microsoft Visual Studio Solution File, Format Version 12.00
# Visual Studio Version 17
VisualStudioVersion = 17.8.34408.163
MinimumVisualStudioVersion = 10.0.40219.1
Project("{2150E333-8FDC-42A3-9474-1A3956D46DE8}") = "Solution Items", "Solution Items", "{6E371772-F111-4E64-A46E-E5BE60133282}"
	ProjectSection(SolutionItems) = preProject
		LICENSE.txt = LICENSE.txt
		README.md = README.md
	EndProjectSection
EndProject
Project("{2150E333-8FDC-42A3-9474-1A3956D46DE8}") = "Sources", "Sources", "{E02CDB46-98BF-4FF9-8F0E-CC48308EAC64}"
EndProject
Project("{9A19103F-16F7-4668-BE54-9A1E7A4F7556}") = "Domain", "Domain\Domain.csproj", "{7439A1D2-CF85-4190-9BE5-006418913413}"
EndProject
Project("{FAE04EC0-301F-11D3-BF4B-00C04F79EFBC}") = "API", "API\API.csproj", "{D1816BB6-CDB3-427D-BFC9-665D0A455831}"
EndProject
Project("{FAE04EC0-301F-11D3-BF4B-00C04F79EFBC}") = "DataLayer", "DataLayer\DataLayer.csproj", "{8321DC37-BA15-46BD-A26F-F21447FE4705}"
EndProject
Project("{2150E333-8FDC-42A3-9474-1A3956D46DE8}") = "Tests", "Tests", "{035AD63C-DE0F-44A1-891C-018BFFA4CB53}"
EndProject
Project("{FAE04EC0-301F-11D3-BF4B-00C04F79EFBC}") = "DomainTests", "DomainTests\DomainTests.csproj", "{8DAEC61F-82F0-4BE7-B223-0CE566673433}"
EndProject
Project("{FAE04EC0-301F-11D3-BF4B-00C04F79EFBC}") = "APITests", "APITests\APITests.csproj", "{EBEBEB0F-A20B-4934-A6D5-389A0A0EFB4D}"
EndProject
Project("{FAE04EC0-301F-11D3-BF4B-00C04F79EFBC}") = "DataLayerTests", "DataLayerTests\DataLayerTests.csproj", "{7DEEFD02-879F-4C08-8290-0435A702601B}"
EndProject
Global
	GlobalSection(SolutionConfigurationPlatforms) = preSolution
		Debug|Any CPU = Debug|Any CPU
		Release|Any CPU = Release|Any CPU
	EndGlobalSection
	GlobalSection(ProjectConfigurationPlatforms) = postSolution
		{7439A1D2-CF85-4190-9BE5-006418913413}.Debug|Any CPU.ActiveCfg = Debug|Any CPU
		{7439A1D2-CF85-4190-9BE5-006418913413}.Debug|Any CPU.Build.0 = Debug|Any CPU
		{7439A1D2-CF85-4190-9BE5-006418913413}.Release|Any CPU.ActiveCfg = Release|Any CPU
		{7439A1D2-CF85-4190-9BE5-006418913413}.Release|Any CPU.Build.0 = Release|Any CPU
		{D1816BB6-CDB3-427D-BFC9-665D0A455831}.Debug|Any CPU.ActiveCfg = Debug|Any CPU
		{D1816BB6-CDB3-427D-BFC9-665D0A455831}.Debug|Any CPU.Build.0 = Debug|Any CPU
		{D1816BB6-CDB3-427D-BFC9-665D0A455831}.Release|Any CPU.ActiveCfg = Release|Any CPU
		{D1816BB6-CDB3-427D-BFC9-665D0A455831}.Release|Any CPU.Build.0 = Release|Any CPU
		{8321DC37-BA15-46BD-A26F-F21447FE4705}.Debug|Any CPU.ActiveCfg = Debug|Any CPU
		{8321DC37-BA15-46BD-A26F-F21447FE4705}.Debug|Any CPU.Build.0 = Debug|Any CPU
		{8321DC37-BA15-46BD-A26F-F21447FE4705}.Release|Any CPU.ActiveCfg = Release|Any CPU
		{8321DC37-BA15-46BD-A26F-F21447FE4705}.Release|Any CPU.Build.0 = Release|Any CPU
		{8DAEC61F-82F0-4BE7-B223-0CE566673433}.Debug|Any CPU.ActiveCfg = Debug|Any CPU
		{8DAEC61F-82F0-4BE7-B223-0CE566673433}.Debug|Any CPU.Build.0 = Debug|Any CPU
		{8DAEC61F-82F0-4BE7-B223-0CE566673433}.Release|Any CPU.ActiveCfg = Release|Any CPU
		{8DAEC61F-82F0-4BE7-B223-0CE566673433}.Release|Any CPU.Build.0 = Release|Any CPU
		{EBEBEB0F-A20B-4934-A6D5-389A0A0EFB4D}.Debug|Any CPU.ActiveCfg = Debug|Any CPU
		{EBEBEB0F-A20B-4934-A6D5-389A0A0EFB4D}.Debug|Any CPU.Build.0 = Debug|Any CPU
		{EBEBEB0F-A20B-4934-A6D5-389A0A0EFB4D}.Release|Any CPU.ActiveCfg = Release|Any CPU
		{EBEBEB0F-A20B-4934-A6D5-389A0A0EFB4D}.Release|Any CPU.Build.0 = Release|Any CPU
		{7DEEFD02-879F-4C08-8290-0435A702601B}.Debug|Any CPU.ActiveCfg = Debug|Any CPU
		{7DEEFD02-879F-4C08-8290-0435A702601B}.Debug|Any CPU.Build.0 = Debug|Any CPU
		{7DEEFD02-879F-4C08-8290-0435A702601B}.Release|Any CPU.ActiveCfg = Release|Any CPU
		{7DEEFD02-879F-4C08-8290-0435A702601B}.Release|Any CPU.Build.0 = Release|Any CPU
	EndGlobalSection
	GlobalSection(SolutionProperties) = preSolution
		HideSolutionNode = FALSE
	EndGlobalSection
	GlobalSection(NestedProjects) = preSolution
		{7439A1D2-CF85-4190-9BE5-006418913413} = {E02CDB46-98BF-4FF9-8F0E-CC48308EAC64}
		{D1816BB6-CDB3-427D-BFC9-665D0A455831} = {E02CDB46-98BF-4FF9-8F0E-CC48308EAC64}
		{8321DC37-BA15-46BD-A26F-F21447FE4705} = {E02CDB46-98BF-4FF9-8F0E-CC48308EAC64}
		{8DAEC61F-82F0-4BE7-B223-0CE566673433} = {035AD63C-DE0F-44A1-891C-018BFFA4CB53}
		{EBEBEB0F-A20B-4934-A6D5-389A0A0EFB4D} = {035AD63C-DE0F-44A1-891C-018BFFA4CB53}
		{7DEEFD02-879F-4C08-8290-0435A702601B} = {035AD63C-DE0F-44A1-891C-018BFFA4CB53}
	EndGlobalSection
	GlobalSection(ExtensibilityGlobals) = postSolution
		SolutionGuid = {A9CF52C8-7B29-4192-A473-EFB45BE05274}
	EndGlobalSection
EndGlobal
